
Microsoft Visual Studio Solution File, Format Version 12.00
# Visual Studio Version 16
VisualStudioVersion = 16.0.29911.84
MinimumVisualStudioVersion = 10.0.40219.1
Project("{FAE04EC0-301F-11D3-BF4B-00C04F79EFBC}") = "PageObjectsWithNUnit", "PageObjectsWithNUnit\PageObjectsWithNUnit.csproj", "{6680D7BB-FD87-4877-A218-F22CE2ABC334}"
EndProject
Global
	GlobalSection(SolutionConfigurationPlatforms) = preSolution
		Debug|Any CPU = Debug|Any CPU
		Release|Any CPU = Release|Any CPU
	EndGlobalSection
	GlobalSection(ProjectConfigurationPlatforms) = postSolution
		{6680D7BB-FD87-4877-A218-F22CE2ABC334}.Debug|Any CPU.ActiveCfg = Debug|Any CPU
		{6680D7BB-FD87-4877-A218-F22CE2ABC334}.Debug|Any CPU.Build.0 = Debug|Any CPU
		{6680D7BB-FD87-4877-A218-F22CE2ABC334}.Release|Any CPU.ActiveCfg = Release|Any CPU
		{6680D7BB-FD87-4877-A218-F22CE2ABC334}.Release|Any CPU.Build.0 = Release|Any CPU
	EndGlobalSection
	GlobalSection(SolutionProperties) = preSolution
		HideSolutionNode = FALSE
	EndGlobalSection
	GlobalSection(ExtensibilityGlobals) = postSolution
		SolutionGuid = {E46FB11E-595D-44DC-B663-D8E5EAF28CD9}
	EndGlobalSection
EndGlobal
